<?xml version="1.0" encoding="utf-8"?>
<Project ToolsVersion="4.0" xmlns="http://schemas.microsoft.com/developer/msbuild/2003">
  <ItemGroup>
    <Filter Include="Source Files">
      <UniqueIdentifier>{4FC737F1-C7A5-4376-A066-2A32D752A2FF}</UniqueIdentifier>
      <Extensions>cpp;c;cc;cxx;def;odl;idl;hpj;bat;asm;asmx</Extensions>
    </Filter>
    <Filter Include="Resource Files">
      <UniqueIdentifier>{67DA6AB6-F800-4c08-8B7A-83BB121AAD01}</UniqueIdentifier>
      <Extensions>rc;ico;cur;bmp;dlg;rc2;rct;bin;rgs;gif;jpg;jpeg;jpe;resx;tiff;tif;png;wav;mfcribbon-ms</Extensions>
    </Filter>
    <Filter Include="Setup Files">
      <UniqueIdentifier>{360d3b48-a642-4279-a30e-7a9a77f87fbf}</UniqueIdentifier>
    </Filter>
    <Filter Include="Control">
      <UniqueIdentifier>{1c5f32f3-22b4-4fcf-b150-fe3998933573}</UniqueIdentifier>
    </Filter>
    <Filter Include="Renderer">
      <UniqueIdentifier>{282a9fb2-d732-4cf7-a676-4239d169f07b}</UniqueIdentifier>
    </Filter>
    <Filter Include="System">
      <UniqueIdentifier>{c8be21b2-4bd9-438a-b15b-ccc89b832009}</UniqueIdentifier>
    </Filter>
    <Filter Include="Windows">
      <UniqueIdentifier>{9f9904b2-dc7c-4adc-a243-15d0ce8bd227}</UniqueIdentifier>
    </Filter>
    <Filter Include="Game Objects">
      <UniqueIdentifier>{7c01f2fa-3741-4163-b0bb-4214cc50818e}</UniqueIdentifier>
    </Filter>
  </ItemGroup>
  <ItemGroup>
    <ClCompile Include="Main.cpp">
      <Filter>Source Files</Filter>
    </ClCompile>
    <ClCompile Include="Control\inputclass.cpp">
      <Filter>Control</Filter>
    </ClCompile>
    <ClCompile Include="RenderClass.cpp">
      <Filter>Renderer</Filter>
    </ClCompile>
    <ClCompile Include="MyWindows.cpp">
      <Filter>Windows</Filter>
    </ClCompile>
    <ClCompile Include="SystemClass.cpp">
      <Filter>System</Filter>
    </ClCompile>
    <ClCompile Include="CharacterClass.cpp">
      <Filter>Game Objects</Filter>
    </ClCompile>
    <ClCompile Include="ItemClass.cpp">
      <Filter>Game Objects</Filter>
    </ClCompile>
  </ItemGroup>
  <ItemGroup>
    <ClInclude Include="Screen Properties.h">
      <Filter>Setup Files</Filter>
    </ClInclude>
    <ClInclude Include="Control\inputclass.h">
      <Filter>Control</Filter>
    </ClInclude>
    <ClInclude Include="RenderClass.h">
      <Filter>Renderer</Filter>
    </ClInclude>
    <ClInclude Include="MyWindows.h">
      <Filter>Windows</Filter>
    </ClInclude>
    <ClInclude Include="SystemClass.h">
      <Filter>System</Filter>
    </ClInclude>
    <ClInclude Include="CharacterClass.h">
      <Filter>Game Objects</Filter>
    </ClInclude>
    <ClInclude Include="ItemClass.h">
      <Filter>Game Objects</Filter>
    </ClInclude>
  </ItemGroup>
</Project>