<?xml version="1.0" encoding="utf-8"?>
<Project ToolsVersion="4.0" xmlns="http://schemas.microsoft.com/developer/msbuild/2003">
  <ItemGroup>
    <Filter Include="Resource Files">
      <UniqueIdentifier>{67DA6AB6-F800-4c08-8B7A-83BB121AAD01}</UniqueIdentifier>
      <Extensions>rc;ico;cur;bmp;dlg;rc2;rct;bin;rgs;gif;jpg;jpeg;jpe;resx;tiff;tif;png;wav;mfcribbon-ms</Extensions>
    </Filter>
    <Filter Include="Setup Files">
      <UniqueIdentifier>{360d3b48-a642-4279-a30e-7a9a77f87fbf}</UniqueIdentifier>
    </Filter>
    <Filter Include="Control">
      <UniqueIdentifier>{1c5f32f3-22b4-4fcf-b150-fe3998933573}</UniqueIdentifier>
    </Filter>
    <Filter Include="Renderer">
      <UniqueIdentifier>{282a9fb2-d732-4cf7-a676-4239d169f07b}</UniqueIdentifier>
    </Filter>
    <Filter Include="Game Code Library">
      <UniqueIdentifier>{dddf7ef9-0cdc-43fe-9186-efc24d5c7d38}</UniqueIdentifier>
    </Filter>
    <Filter Include="Renderer\Camera">
      <UniqueIdentifier>{2fea8d2c-f52e-4a08-9785-ce3979c3c460}</UniqueIdentifier>
    </Filter>
    <Filter Include="Character">
      <UniqueIdentifier>{70f72928-bb70-48e1-b8ac-342d61ce5e1c}</UniqueIdentifier>
    </Filter>
    <Filter Include="Renderer\Objects">
      <UniqueIdentifier>{f57fee3e-5bab-4b4e-be88-20579ad3295e}</UniqueIdentifier>
    </Filter>
    <Filter Include="Managers">
      <UniqueIdentifier>{00b3af95-2bdb-4528-8ab1-8d802d753d21}</UniqueIdentifier>
    </Filter>
  </ItemGroup>
  <ItemGroup>
    <ClCompile Include="RenderClass.cpp">
      <Filter>Renderer</Filter>
    </ClCompile>
    <ClCompile Include="Main.cpp" />
    <ClCompile Include="InputClass.cpp" />
    <ClCompile Include="Material.cpp">
      <Filter>Game Code Library</Filter>
    </ClCompile>
    <ClCompile Include="Sphere.cpp">
      <Filter>Game Code Library</Filter>
    </ClCompile>
    <ClCompile Include="CharacterClass.cpp" />
    <ClCompile Include="Vertex.cpp">
      <Filter>Game Code Library</Filter>
    </ClCompile>
    <ClCompile Include="AABB.cpp">
      <Filter>Game Code Library</Filter>
    </ClCompile>
    <ClCompile Include="AnimationInstance.cpp">
      <Filter>Game Code Library</Filter>
    </ClCompile>
    <ClCompile Include="AStar.cpp">
      <Filter>Game Code Library</Filter>
    </ClCompile>
    <ClCompile Include="AStarNode.cpp">
      <Filter>Game Code Library</Filter>
    </ClCompile>
    <ClCompile Include="AStarNodeQueue.cpp">
      <Filter>Game Code Library</Filter>
    </ClCompile>
    <ClCompile Include="BaseCamera.cpp">
      <Filter>Game Code Library</Filter>
    </ClCompile>
    <ClCompile Include="Behavior.cpp">
      <Filter>Game Code Library</Filter>
    </ClCompile>
    <ClCompile Include="BehaviorManager.cpp">
      <Filter>Game Code Library</Filter>
    </ClCompile>
    <ClCompile Include="BillBoardRegion.cpp">
      <Filter>Game Code Library</Filter>
    </ClCompile>
    <ClCompile Include="Camera.cpp">
      <Filter>Game Code Library</Filter>
    </ClCompile>
    <ClCompile Include="CameraController.cpp">
      <Filter>Game Code Library</Filter>
    </ClCompile>
    <ClCompile Include="Character.cpp">
      <Filter>Game Code Library</Filter>
    </ClCompile>
    <ClCompile Include="CharacterManager.cpp">
      <Filter>Game Code Library</Filter>
    </ClCompile>
    <ClCompile Include="CollisionMesh.cpp">
      <Filter>Game Code Library</Filter>
    </ClCompile>
    <ClCompile Include="Cylinder.cpp">
      <Filter>Game Code Library</Filter>
    </ClCompile>
    <ClCompile Include="DirectionalLight.cpp">
      <Filter>Game Code Library</Filter>
    </ClCompile>
    <ClCompile Include="DirectXDevice.cpp">
      <Filter>Game Code Library</Filter>
    </ClCompile>
    <ClCompile Include="Effect.cpp">
      <Filter>Game Code Library</Filter>
    </ClCompile>
    <ClCompile Include="EffectManager.cpp">
      <Filter>Game Code Library</Filter>
    </ClCompile>
    <ClCompile Include="EntityLoader.cpp">
      <Filter>Game Code Library</Filter>
    </ClCompile>
    <ClCompile Include="Environment.cpp">
      <Filter>Game Code Library</Filter>
    </ClCompile>
    <ClCompile Include="EnvironmentManager.cpp">
      <Filter>Game Code Library</Filter>
    </ClCompile>
    <ClCompile Include="Error.cpp">
      <Filter>Game Code Library</Filter>
    </ClCompile>
    <ClCompile Include="FreeCamera.cpp">
      <Filter>Game Code Library</Filter>
    </ClCompile>
    <ClCompile Include="Frustum.cpp">
      <Filter>Game Code Library</Filter>
    </ClCompile>
    <ClCompile Include="GameState.cpp">
      <Filter>Game Code Library</Filter>
    </ClCompile>
    <ClCompile Include="GameStateManager.cpp">
      <Filter>Game Code Library</Filter>
    </ClCompile>
    <ClCompile Include="Hierarchy.cpp">
      <Filter>Game Code Library</Filter>
    </ClCompile>
    <ClCompile Include="InputManager.cpp">
      <Filter>Game Code Library</Filter>
    </ClCompile>
    <ClCompile Include="Light.cpp">
      <Filter>Game Code Library</Filter>
    </ClCompile>
    <ClCompile Include="LightingManager.cpp">
      <Filter>Game Code Library</Filter>
    </ClCompile>
    <ClCompile Include="Line.cpp">
      <Filter>Game Code Library</Filter>
    </ClCompile>
    <ClCompile Include="MeshHierarchy.cpp">
      <Filter>Game Code Library</Filter>
    </ClCompile>
    <ClCompile Include="Model.cpp">
      <Filter>Game Code Library</Filter>
    </ClCompile>
    <ClCompile Include="ModelManager.cpp">
      <Filter>Game Code Library</Filter>
    </ClCompile>
    <ClCompile Include="MyFileReader.cpp">
      <Filter>Game Code Library</Filter>
    </ClCompile>
    <ClCompile Include="MyString.cpp">
      <Filter>Game Code Library</Filter>
    </ClCompile>
    <ClCompile Include="ParticleEmitter.cpp">
      <Filter>Game Code Library</Filter>
    </ClCompile>
    <ClCompile Include="ParticleSystem.cpp">
      <Filter>Game Code Library</Filter>
    </ClCompile>
    <ClCompile Include="PointLight.cpp">
      <Filter>Game Code Library</Filter>
    </ClCompile>
    <ClCompile Include="PolygonData.cpp">
      <Filter>Game Code Library</Filter>
    </ClCompile>
    <ClCompile Include="Program.cpp">
      <Filter>Game Code Library</Filter>
    </ClCompile>
    <ClCompile Include="PropItem.cpp">
      <Filter>Game Code Library</Filter>
    </ClCompile>
    <ClCompile Include="PropManager.cpp">
      <Filter>Game Code Library</Filter>
    </ClCompile>
    <ClCompile Include="Quad.cpp">
      <Filter>Game Code Library</Filter>
    </ClCompile>
    <ClCompile Include="RenderManager.cpp">
      <Filter>Game Code Library</Filter>
    </ClCompile>
    <ClCompile Include="ShadowMap.cpp">
      <Filter>Game Code Library</Filter>
    </ClCompile>
    <ClCompile Include="ShadowMesh.cpp">
      <Filter>Game Code Library</Filter>
    </ClCompile>
    <ClCompile Include="ShadowVolumes.cpp">
      <Filter>Game Code Library</Filter>
    </ClCompile>
    <ClCompile Include="SkinnedMesh.cpp">
      <Filter>Game Code Library</Filter>
    </ClCompile>
    <ClCompile Include="SoundEmitter.cpp">
      <Filter>Game Code Library</Filter>
    </ClCompile>
    <ClCompile Include="SoundListener.cpp">
      <Filter>Game Code Library</Filter>
    </ClCompile>
    <ClCompile Include="SoundManager.cpp">
      <Filter>Game Code Library</Filter>
    </ClCompile>
    <ClCompile Include="SoundWaveFile.cpp">
      <Filter>Game Code Library</Filter>
    </ClCompile>
    <ClCompile Include="SpotLight.cpp">
      <Filter>Game Code Library</Filter>
    </ClCompile>
    <ClCompile Include="StaticCamera.cpp">
      <Filter>Game Code Library</Filter>
    </ClCompile>
    <ClCompile Include="Stats.cpp">
      <Filter>Game Code Library</Filter>
    </ClCompile>
    <ClCompile Include="Text.cpp">
      <Filter>Game Code Library</Filter>
    </ClCompile>
    <ClCompile Include="TextureCache.cpp">
      <Filter>Game Code Library</Filter>
    </ClCompile>
    <ClCompile Include="ThirdPersonCamera.cpp">
      <Filter>Game Code Library</Filter>
    </ClCompile>
    <ClCompile Include="Timer.cpp">
      <Filter>Game Code Library</Filter>
    </ClCompile>
    <ClCompile Include="WayPointManager.cpp">
      <Filter>Game Code Library</Filter>
    </ClCompile>
  </ItemGroup>
  <ItemGroup>
    <ClInclude Include="Screen Properties.h">
      <Filter>Setup Files</Filter>
    </ClInclude>
    <ClInclude Include="RenderClass.h">
      <Filter>Renderer</Filter>
    </ClInclude>
    <ClInclude Include="InputClass.h" />
    <ClInclude Include="Types.h">
      <Filter>Game Code Library</Filter>
    </ClInclude>
    <ClInclude Include="Material.h">
      <Filter>Game Code Library</Filter>
    </ClInclude>
    <ClInclude Include="Sphere.h">
      <Filter>Game Code Library</Filter>
    </ClInclude>
    <ClInclude Include="CharacterClass.h" />
    <ClInclude Include="Vertex.h">
      <Filter>Game Code Library</Filter>
    </ClInclude>
    <ClInclude Include="AABB.h">
      <Filter>Game Code Library</Filter>
    </ClInclude>
    <ClInclude Include="AnimationInstance.h">
      <Filter>Game Code Library</Filter>
    </ClInclude>
    <ClInclude Include="AStar.h">
      <Filter>Game Code Library</Filter>
    </ClInclude>
    <ClInclude Include="AStarNode.h">
      <Filter>Game Code Library</Filter>
    </ClInclude>
    <ClInclude Include="AStarNodeQueue.h">
      <Filter>Game Code Library</Filter>
    </ClInclude>
    <ClInclude Include="BaseCamera.h">
      <Filter>Game Code Library</Filter>
    </ClInclude>
    <ClInclude Include="Behavior.h">
      <Filter>Game Code Library</Filter>
    </ClInclude>
    <ClInclude Include="BehaviorManager.h">
      <Filter>Game Code Library</Filter>
    </ClInclude>
    <ClInclude Include="BillBoardRegion.h">
      <Filter>Game Code Library</Filter>
    </ClInclude>
    <ClInclude Include="Camera.h">
      <Filter>Game Code Library</Filter>
    </ClInclude>
    <ClInclude Include="CameraController.h">
      <Filter>Game Code Library</Filter>
    </ClInclude>
    <ClInclude Include="Character.h">
      <Filter>Game Code Library</Filter>
    </ClInclude>
    <ClInclude Include="CharacterManager.h">
      <Filter>Game Code Library</Filter>
    </ClInclude>
    <ClInclude Include="CollisionMesh.h">
      <Filter>Game Code Library</Filter>
    </ClInclude>
    <ClInclude Include="Cylinder.h">
      <Filter>Game Code Library</Filter>
    </ClInclude>
    <ClInclude Include="DirectionalLight.h">
      <Filter>Game Code Library</Filter>
    </ClInclude>
    <ClInclude Include="DirectXDevice.h">
      <Filter>Game Code Library</Filter>
    </ClInclude>
    <ClInclude Include="Effect.h">
      <Filter>Game Code Library</Filter>
    </ClInclude>
    <ClInclude Include="EffectManager.h">
      <Filter>Game Code Library</Filter>
    </ClInclude>
    <ClInclude Include="EntityLoader.h">
      <Filter>Game Code Library</Filter>
    </ClInclude>
    <ClInclude Include="Environment.h">
      <Filter>Game Code Library</Filter>
    </ClInclude>
    <ClInclude Include="EnvironmentManager.h">
      <Filter>Game Code Library</Filter>
    </ClInclude>
    <ClInclude Include="Error.h">
      <Filter>Game Code Library</Filter>
    </ClInclude>
    <ClInclude Include="FreeCamera.h">
      <Filter>Game Code Library</Filter>
    </ClInclude>
    <ClInclude Include="Frustum.h">
      <Filter>Game Code Library</Filter>
    </ClInclude>
    <ClInclude Include="GameState.h">
      <Filter>Game Code Library</Filter>
    </ClInclude>
    <ClInclude Include="GameStateManager.h">
      <Filter>Game Code Library</Filter>
    </ClInclude>
    <ClInclude Include="HashTableKey.h">
      <Filter>Game Code Library</Filter>
    </ClInclude>
    <ClInclude Include="Hierarchy.h">
      <Filter>Game Code Library</Filter>
    </ClInclude>
    <ClInclude Include="InputManager.h">
      <Filter>Game Code Library</Filter>
    </ClInclude>
    <ClInclude Include="Light.h">
      <Filter>Game Code Library</Filter>
    </ClInclude>
    <ClInclude Include="LightingManager.h">
      <Filter>Game Code Library</Filter>
    </ClInclude>
    <ClInclude Include="Line.h">
      <Filter>Game Code Library</Filter>
    </ClInclude>
    <ClInclude Include="LinkedListNode.h">
      <Filter>Game Code Library</Filter>
    </ClInclude>
    <ClInclude Include="MeshHierarchy.h">
      <Filter>Game Code Library</Filter>
    </ClInclude>
    <ClInclude Include="Model.h">
      <Filter>Game Code Library</Filter>
    </ClInclude>
    <ClInclude Include="ModelManager.h">
      <Filter>Game Code Library</Filter>
    </ClInclude>
    <ClInclude Include="MyFileReader.h">
      <Filter>Game Code Library</Filter>
    </ClInclude>
    <ClInclude Include="MyHashTable.h">
      <Filter>Game Code Library</Filter>
    </ClInclude>
    <ClInclude Include="MyLinkedList.h">
      <Filter>Game Code Library</Filter>
    </ClInclude>
    <ClInclude Include="MyString.h">
      <Filter>Game Code Library</Filter>
    </ClInclude>
    <ClInclude Include="ParticleEmitter.h">
      <Filter>Game Code Library</Filter>
    </ClInclude>
    <ClInclude Include="ParticleSystem.h">
      <Filter>Game Code Library</Filter>
    </ClInclude>
    <ClInclude Include="PointLight.h">
      <Filter>Game Code Library</Filter>
    </ClInclude>
    <ClInclude Include="PolygonData.h">
      <Filter>Game Code Library</Filter>
    </ClInclude>
    <ClInclude Include="Program.h">
      <Filter>Game Code Library</Filter>
    </ClInclude>
    <ClInclude Include="PropCollector.h">
      <Filter>Game Code Library</Filter>
    </ClInclude>
    <ClInclude Include="PropItem.h">
      <Filter>Game Code Library</Filter>
    </ClInclude>
    <ClInclude Include="PropManager.h">
      <Filter>Game Code Library</Filter>
    </ClInclude>
    <ClInclude Include="Quad.h">
      <Filter>Game Code Library</Filter>
    </ClInclude>
    <ClInclude Include="RenderEvent.h">
      <Filter>Game Code Library</Filter>
    </ClInclude>
    <ClInclude Include="RenderManager.h">
      <Filter>Game Code Library</Filter>
    </ClInclude>
    <ClInclude Include="SceneNode.h">
      <Filter>Game Code Library</Filter>
    </ClInclude>
    <ClInclude Include="ShadowMap.h">
      <Filter>Game Code Library</Filter>
    </ClInclude>
    <ClInclude Include="ShadowMesh.h">
      <Filter>Game Code Library</Filter>
    </ClInclude>
    <ClInclude Include="ShadowVolumes.h">
      <Filter>Game Code Library</Filter>
    </ClInclude>
    <ClInclude Include="Singleton.h">
      <Filter>Game Code Library</Filter>
    </ClInclude>
    <ClInclude Include="SkinnedMesh.h">
      <Filter>Game Code Library</Filter>
    </ClInclude>
    <ClInclude Include="SoundEmitter.h">
      <Filter>Game Code Library</Filter>
    </ClInclude>
    <ClInclude Include="SoundListener.h">
      <Filter>Game Code Library</Filter>
    </ClInclude>
    <ClInclude Include="SoundManager.h">
      <Filter>Game Code Library</Filter>
    </ClInclude>
    <ClInclude Include="SoundWaveFile.h">
      <Filter>Game Code Library</Filter>
    </ClInclude>
    <ClInclude Include="SpotLight.h">
      <Filter>Game Code Library</Filter>
    </ClInclude>
    <ClInclude Include="StaticCamera.h">
      <Filter>Game Code Library</Filter>
    </ClInclude>
    <ClInclude Include="Stats.h">
      <Filter>Game Code Library</Filter>
    </ClInclude>
    <ClInclude Include="Text.h">
      <Filter>Game Code Library</Filter>
    </ClInclude>
    <ClInclude Include="TextureCache.h">
      <Filter>Game Code Library</Filter>
    </ClInclude>
    <ClInclude Include="ThirdPersonCamera.h">
      <Filter>Game Code Library</Filter>
    </ClInclude>
    <ClInclude Include="Timer.h">
      <Filter>Game Code Library</Filter>
    </ClInclude>
    <ClInclude Include="WayPointManager.h">
      <Filter>Game Code Library</Filter>
    </ClInclude>
  </ItemGroup>
  <ItemGroup>
    <None Include="HashTableKey.inl">
      <Filter>Game Code Library</Filter>
    </None>
    <None Include="L26-Example3 Library.vcxproj">
      <Filter>Game Code Library</Filter>
    </None>
    <None Include="L26-Example3 Library.vcxproj.bak">
      <Filter>Game Code Library</Filter>
    </None>
    <None Include="L26-Example3 Library.vcxproj.user">
      <Filter>Game Code Library</Filter>
    </None>
    <None Include="LinkedListNode.inl">
      <Filter>Game Code Library</Filter>
    </None>
    <None Include="MyHashTable.inl">
      <Filter>Game Code Library</Filter>
    </None>
    <None Include="MyLinkedList.inl">
      <Filter>Game Code Library</Filter>
    </None>
  </ItemGroup>
</Project>