<?xml version="1.0" encoding="utf-8"?>
<Project ToolsVersion="4.0" xmlns="http://schemas.microsoft.com/developer/msbuild/2003">
  <ItemGroup>
    <Filter Include="Resource Files">
      <UniqueIdentifier>{67DA6AB6-F800-4c08-8B7A-83BB121AAD01}</UniqueIdentifier>
      <Extensions>rc;ico;cur;bmp;dlg;rc2;rct;bin;rgs;gif;jpg;jpeg;jpe;resx;tiff;tif;png;wav;mfcribbon-ms</Extensions>
    </Filter>
    <Filter Include="Setup Files">
      <UniqueIdentifier>{360d3b48-a642-4279-a30e-7a9a77f87fbf}</UniqueIdentifier>
    </Filter>
    <Filter Include="Control">
      <UniqueIdentifier>{1c5f32f3-22b4-4fcf-b150-fe3998933573}</UniqueIdentifier>
    </Filter>
    <Filter Include="Renderer">
      <UniqueIdentifier>{282a9fb2-d732-4cf7-a676-4239d169f07b}</UniqueIdentifier>
    </Filter>
    <Filter Include="Game Code Library">
      <UniqueIdentifier>{dddf7ef9-0cdc-43fe-9186-efc24d5c7d38}</UniqueIdentifier>
    </Filter>
    <Filter Include="Renderer\Camera">
      <UniqueIdentifier>{2fea8d2c-f52e-4a08-9785-ce3979c3c460}</UniqueIdentifier>
    </Filter>
    <Filter Include="Character">
      <UniqueIdentifier>{70f72928-bb70-48e1-b8ac-342d61ce5e1c}</UniqueIdentifier>
    </Filter>
    <Filter Include="Renderer\Objects">
      <UniqueIdentifier>{f57fee3e-5bab-4b4e-be88-20579ad3295e}</UniqueIdentifier>
    </Filter>
    <Filter Include="Managers">
      <UniqueIdentifier>{00b3af95-2bdb-4528-8ab1-8d802d753d21}</UniqueIdentifier>
    </Filter>
    <Filter Include="Class Diagrams">
      <UniqueIdentifier>{38d06493-1c47-4f60-94ba-13998a36bf86}</UniqueIdentifier>
    </Filter>
    <Filter Include="System">
      <UniqueIdentifier>{63584d84-b27a-45b4-ae02-ec2c2ae3b15d}</UniqueIdentifier>
    </Filter>
    <Filter Include="Renderer\Objects\Base Class">
      <UniqueIdentifier>{2ccd57c1-3bd5-4ffe-9739-8123c1cf46a8}</UniqueIdentifier>
    </Filter>
  </ItemGroup>
  <ItemGroup>
    <ClCompile Include="RenderClass.cpp">
      <Filter>Renderer</Filter>
    </ClCompile>
    <ClCompile Include="MyCameraController.cpp">
      <Filter>Renderer\Camera</Filter>
    </ClCompile>
    <ClCompile Include="Main.cpp" />
    <ClCompile Include="SystemClass.cpp">
      <Filter>System</Filter>
    </ClCompile>
    <ClCompile Include="InputClass.cpp">
      <Filter>Control</Filter>
    </ClCompile>
    <ClCompile Include="D3DClass.cpp">
      <Filter>Renderer</Filter>
    </ClCompile>
    <ClCompile Include="RenderableObject.cpp">
      <Filter>Renderer\Objects\Base Class</Filter>
    </ClCompile>
    <ClCompile Include="SphereClass.cpp">
      <Filter>Renderer\Objects</Filter>
    </ClCompile>
    <ClCompile Include="FloorClass.cpp" />
    <ClCompile Include="QuadClass.cpp" />
  </ItemGroup>
  <ItemGroup>
    <ClInclude Include="Screen Properties.h">
      <Filter>Setup Files</Filter>
    </ClInclude>
    <ClInclude Include="RenderClass.h">
      <Filter>Renderer</Filter>
    </ClInclude>
    <ClInclude Include="MyCameraController.h">
      <Filter>Renderer\Camera</Filter>
    </ClInclude>
    <ClInclude Include="SystemClass.h">
      <Filter>System</Filter>
    </ClInclude>
    <ClInclude Include="InputClass.h">
      <Filter>Control</Filter>
    </ClInclude>
    <ClInclude Include="D3DClass.h">
      <Filter>Renderer</Filter>
    </ClInclude>
    <ClInclude Include="RenderableObject.h">
      <Filter>Renderer\Objects\Base Class</Filter>
    </ClInclude>
    <ClInclude Include="SphereClass.h">
      <Filter>Renderer\Objects</Filter>
    </ClInclude>
    <ClInclude Include="PlayerClass.h">
      <Filter>Character</Filter>
    </ClInclude>
    <ClInclude Include="FloorClass.h" />
    <ClInclude Include="QuadClass.h" />
  </ItemGroup>
  <ItemGroup>
    <None Include="ClassDiagram.cd">
      <Filter>Class Diagrams</Filter>
    </None>
  </ItemGroup>
</Project>